<?xml version="1.0" encoding="utf-8"?>
<Project ToolsVersion="4.0" xmlns="http://schemas.microsoft.com/developer/msbuild/2003">
  <ItemGroup>
    <Filter Include="Source Files">
      <UniqueIdentifier>{4FC737F1-C7A5-4376-A066-2A32D752A2FF}</UniqueIdentifier>
      <Extensions>cpp;c;cc;cxx;def;odl;idl;hpj;bat;asm;asmx</Extensions>
    </Filter>
    <Filter Include="Header Files">
      <UniqueIdentifier>{93995380-89BD-4b04-88EB-625FBE52EBFB}</UniqueIdentifier>
      <Extensions>h;hh;hpp;hxx;hm;inl;inc;xsd</Extensions>
    </Filter>
    <Filter Include="test">
      <UniqueIdentifier>{f7d4f30a-b1be-4be2-b4a6-8bf5ae3711fa}</UniqueIdentifier>
    </Filter>
    <Filter Include="Source Files\include">
      <UniqueIdentifier>{9fbbe5a9-c5d3-436b-ba32-9e6d5b9289ca}</UniqueIdentifier>
    </Filter>
    <Filter Include="Source Files\src">
      <UniqueIdentifier>{f567bfe6-6e8a-4e9f-b65a-146ad8758816}</UniqueIdentifier>
    </Filter>
    <Filter Include="Source Files\test">
      <UniqueIdentifier>{0d8dd063-754c-46e2-9bee-91c4def59f08}</UniqueIdentifier>
    </Filter>
    <Filter Include="Source Files\include\MessageBus">
      <UniqueIdentifier>{f72f17f1-c74e-4201-a4ed-1b272326d334}</UniqueIdentifier>
    </Filter>
    <Filter Include="Source Files\include\MessageBus\Protocols">
      <UniqueIdentifier>{ee1a5dd7-5da4-4082-a95e-b74f9ae11fcf}</UniqueIdentifier>
    </Filter>
    <Filter Include="Source Files\src\protocols">
      <UniqueIdentifier>{a7a4c239-379d-44bb-bbc9-411926b070c6}</UniqueIdentifier>
    </Filter>
  </ItemGroup>
  <ItemGroup>
    <Text Include="..\..\include\MessageBus\CMakeLists.txt">
      <Filter>Source Files\include\MessageBus</Filter>
    </Text>
    <Text Include="..\..\include\MessageBus\Protocols\CMakeLists.txt">
      <Filter>Source Files\include\MessageBus\Protocols</Filter>
    </Text>
    <Text Include="..\..\src\CMakeLists.txt">
      <Filter>Source Files\src</Filter>
    </Text>
    <Text Include="..\..\src\LofarMsgTemplate.txt">
      <Filter>Source Files\src</Filter>
    </Text>
    <Text Include="..\..\src\protocols\CMakeLists.txt">
      <Filter>Source Files\src\protocols</Filter>
    </Text>
    <Text Include="..\..\test\CMakeLists.txt">
      <Filter>Source Files\test</Filter>
    </Text>
  </ItemGroup>
  <ItemGroup>
    <ClInclude Include="..\..\include\MessageBus\Message.h">
      <Filter>Source Files\include\MessageBus</Filter>
    </ClInclude>
    <ClInclude Include="..\..\include\MessageBus\MsgBus.h">
      <Filter>Source Files\include\MessageBus</Filter>
    </ClInclude>
    <ClInclude Include="..\..\include\MessageBus\Protocols\TaskFeedbackState.h">
      <Filter>Source Files\include\MessageBus\Protocols</Filter>
    </ClInclude>
    <ClInclude Include="..\..\include\MessageBus\Protocols\TaskSpecificationSystem.h">
      <Filter>Source Files\include\MessageBus\Protocols</Filter>
    </ClInclude>
    <ClInclude Include="..\..\include\MessageBus\Protocols\TaskFeedbackDataproducts.h">
      <Filter>Source Files\include\MessageBus\Protocols</Filter>
    </ClInclude>
    <ClInclude Include="..\..\include\MessageBus\Protocols\TaskFeedbackProcessing.h">
      <Filter>Source Files\include\MessageBus\Protocols</Filter>
    </ClInclude>
    <ClInclude Include="..\..\src\LogSink.h">
      <Filter>Source Files\src</Filter>
    </ClInclude>
    <ClInclude Include="..\..\include\MessageBus\Exceptions.h">
      <Filter>Source Files\include\MessageBus</Filter>
    </ClInclude>
  </ItemGroup>
  <ItemGroup>
    <ClCompile Include="..\..\src\LogSink.cc">
      <Filter>Source Files\src</Filter>
    </ClCompile>
    <ClCompile Include="..\..\src\Message.cc">
      <Filter>Source Files\src</Filter>
    </ClCompile>
    <ClCompile Include="..\..\src\MsgBus.cc">
      <Filter>Source Files\src</Filter>
    </ClCompile>
    <ClCompile Include="..\..\test\tMessage.cc">
      <Filter>Source Files\test</Filter>
    </ClCompile>
    <ClCompile Include="..\..\test\tMsgBus.cc">
      <Filter>Source Files\test</Filter>
    </ClCompile>
  </ItemGroup>
  <ItemGroup>
    <None Include="..\..\src\message.py">
      <Filter>Source Files\src</Filter>
    </None>
    <None Include="..\..\src\msgbus.py">
      <Filter>Source Files\src</Filter>
    </None>
    <None Include="..\..\src\__init__.py">
      <Filter>Source Files\src</Filter>
    </None>
    <None Include="..\..\src\basemsgbus.py">
      <Filter>Source Files\src</Filter>
    </None>
    <None Include="..\..\src\protocols\taskfeedbackdataproducts.py">
      <Filter>Source Files\src\protocols</Filter>
    </None>
    <None Include="..\..\src\protocols\taskfeedbackprocessing.py">
      <Filter>Source Files\src\protocols</Filter>
    </None>
    <None Include="..\..\src\protocols\taskfeedbackstate.py">
      <Filter>Source Files\src\protocols</Filter>
    </None>
    <None Include="..\..\src\protocols\__init__.py">
      <Filter>Source Files\src\protocols</Filter>
    </None>
    <None Include="..\..\test\MessageFuncs.sh.in">
      <Filter>Source Files\test</Filter>
    </None>
    <None Include="..\..\test\tMsgBus.run">
      <Filter>Source Files\test</Filter>
    </None>
    <None Include="..\..\test\tMsgBus.sh">
      <Filter>Source Files\test</Filter>
    </None>
  </ItemGroup>
</Project>