<?xml version="1.0" encoding="utf-8"?>
<Project ToolsVersion="4.0" xmlns="http://schemas.microsoft.com/developer/msbuild/2003">
  <ItemGroup>
    <Filter Include="Source Files">
      <UniqueIdentifier>{4FC737F1-C7A5-4376-A066-2A32D752A2FF}</UniqueIdentifier>
      <Extensions>cpp;c;cc;cxx;def;odl;idl;hpj;bat;asm;asmx</Extensions>
    </Filter>
    <Filter Include="Header Files">
      <UniqueIdentifier>{93995380-89BD-4b04-88EB-625FBE52EBFB}</UniqueIdentifier>
      <Extensions>h;hpp;hxx;hm;inl;inc;xsd</Extensions>
    </Filter>
    <Filter Include="Resource Files">
      <UniqueIdentifier>{67DA6AB6-F800-4c08-8B7A-83BB121AAD01}</UniqueIdentifier>
      <Extensions>rc;ico;cur;bmp;dlg;rc2;rct;bin;rgs;gif;jpg;jpeg;jpe;resx;tiff;tif;png;wav;mfcribbon-ms</Extensions>
    </Filter>
    <Filter Include="backward">
      <UniqueIdentifier>{60e3a76d-3ac8-4871-958b-dc13ad43010c}</UniqueIdentifier>
    </Filter>
    <Filter Include="BeamFormer">
      <UniqueIdentifier>{688d8041-8a43-43b1-bf67-00abab8d87c1}</UniqueIdentifier>
    </Filter>
    <Filter Include="Input">
      <UniqueIdentifier>{c186b072-e6e4-40b0-9636-5a7e913ad977}</UniqueIdentifier>
    </Filter>
    <Filter Include="Kernels">
      <UniqueIdentifier>{8ec37d9d-8a8e-4987-bb31-7bbf5236dd16}</UniqueIdentifier>
    </Filter>
    <Filter Include="Pipelines">
      <UniqueIdentifier>{85be812b-df4e-4dff-80c0-189c73184625}</UniqueIdentifier>
    </Filter>
    <Filter Include="Storage">
      <UniqueIdentifier>{ec56de96-3e3c-47d8-9cf3-0ee550aeca0f}</UniqueIdentifier>
    </Filter>
    <Filter Include="UHEP">
      <UniqueIdentifier>{7072174a-cb0c-4b57-a202-bb3963e8e112}</UniqueIdentifier>
    </Filter>
    <Filter Include="UnitTests">
      <UniqueIdentifier>{0f95d645-9e52-43c2-b565-caa5b6871464}</UniqueIdentifier>
    </Filter>
    <Filter Include="WorkQueues">
      <UniqueIdentifier>{9f472bc4-e2fc-4254-9dac-61c3cb5f1822}</UniqueIdentifier>
    </Filter>
    <Filter Include="UnitTests\WorkQueues">
      <UniqueIdentifier>{33c4b88a-3bfe-491e-bd6b-172a3d3310d4}</UniqueIdentifier>
    </Filter>
  </ItemGroup>
  <ItemGroup>
    <None Include="..\..\GPUProc\src\Correlator.cl" />
    <None Include="..\..\GPUProc\src\DelayAndBandPass.cl" />
    <None Include="..\..\GPUProc\src\FFT.cl" />
    <None Include="..\..\GPUProc\src\fft2.cl" />
    <None Include="..\..\GPUProc\src\FIR.cl" />
    <None Include="..\..\GPUProc\src\math.cl" />
    <None Include="..\..\GPUProc\src\NewCorrelator.cl" />
    <None Include="..\..\GPUProc\src\BestEffortQueue.tcc" />
    <None Include="..\..\GPUProc\src\CMakeLists.txt" />
    <None Include="..\..\GPUProc\src\BeamFormer\BeamFormer.cl">
      <Filter>BeamFormer</Filter>
    </None>
    <None Include="..\..\GPUProc\src\BeamFormer\CoherentStokes.cl">
      <Filter>BeamFormer</Filter>
    </None>
    <None Include="..\..\GPUProc\src\BeamFormer\Dedispersion.cl">
      <Filter>BeamFormer</Filter>
    </None>
    <None Include="..\..\GPUProc\src\BeamFormer\IncoherentStokes.cl">
      <Filter>BeamFormer</Filter>
    </None>
    <None Include="..\..\GPUProc\src\BeamFormer\IntToFloat.cl">
      <Filter>BeamFormer</Filter>
    </None>
    <None Include="..\..\GPUProc\src\BeamFormer\Transpose.cl">
      <Filter>BeamFormer</Filter>
    </None>
    <None Include="..\..\GPUProc\src\UHEP\Transpose.cl">
      <Filter>UHEP</Filter>
    </None>
    <None Include="..\..\GPUProc\src\UHEP\Trigger.cl">
      <Filter>UHEP</Filter>
    </None>
    <None Include="..\..\GPUProc\src\UHEP\BeamFormer.cl.hop">
      <Filter>UHEP</Filter>
    </None>
    <None Include="..\..\GPUProc\src\UHEP\BeamFormer.cl.not">
      <Filter>UHEP</Filter>
    </None>
    <None Include="..\..\GPUProc\src\UHEP\BeamFormer.cl.ok">
      <Filter>UHEP</Filter>
    </None>
    <None Include="..\..\GPUProc\src\UHEP\Transpose.cl.ok">
      <Filter>UHEP</Filter>
    </None>
    <None Include="..\..\GPUProc\src\UHEP\Trigger.cl.ok">
      <Filter>UHEP</Filter>
    </None>
    <None Include="..\..\GPUProc\src\UHEP\BeamFormer.cl.4groups">
      <Filter>UHEP</Filter>
    </None>
    <None Include="..\..\GPUProc\src\UHEP\Trigger.cl.8">
      <Filter>UHEP</Filter>
    </None>
    <None Include="..\..\GPUProc\src\UHEP\BeamFormer.cl">
      <Filter>UHEP</Filter>
    </None>
    <None Include="..\..\GPUProc\src\UHEP\InvFFT.cl">
      <Filter>UHEP</Filter>
    </None>
    <None Include="..\..\GPUProc\src\UHEP\InvFIR.cl">
      <Filter>UHEP</Filter>
    </None>
  </ItemGroup>
  <ItemGroup>
    <ClInclude Include="..\..\GPUProc\src\backward\CL\cl.hpp">
      <Filter>backward</Filter>
    </ClInclude>
    <ClInclude Include="..\..\GPUProc\src\Input\BeamletBufferToComputeNode.h">
      <Filter>Input</Filter>
    </ClInclude>
    <ClInclude Include="..\..\GPUProc\src\Input\Delays.h">
      <Filter>Input</Filter>
    </ClInclude>
    <ClInclude Include="..\..\GPUProc\src\Input\InputSection.h">
      <Filter>Input</Filter>
    </ClInclude>
    <ClInclude Include="..\..\GPUProc\src\Input\InputThread.h">
      <Filter>Input</Filter>
    </ClInclude>
    <ClInclude Include="..\..\GPUProc\src\Input\LockedRanges.h">
      <Filter>Input</Filter>
    </ClInclude>
    <ClInclude Include="..\..\GPUProc\src\Input\LogThread.h">
      <Filter>Input</Filter>
    </ClInclude>
    <ClInclude Include="..\..\GPUProc\src\Input\ReaderWriterSynchronization.h">
      <Filter>Input</Filter>
    </ClInclude>
    <ClInclude Include="..\..\GPUProc\src\Input\RSP.h">
      <Filter>Input</Filter>
    </ClInclude>
    <ClInclude Include="..\..\GPUProc\src\Input\WallClockTime.h">
      <Filter>Input</Filter>
    </ClInclude>
    <ClInclude Include="..\..\GPUProc\src\Input\BeamletBuffer.h">
      <Filter>Input</Filter>
    </ClInclude>
    <ClInclude Include="..\..\GPUProc\src\Kernels\BeamFormerKernel.h">
      <Filter>Kernels</Filter>
    </ClInclude>
    <ClInclude Include="..\..\GPUProc\src\Kernels\BeamFormerTransposeKernel.h">
      <Filter>Kernels</Filter>
    </ClInclude>
    <ClInclude Include="..\..\GPUProc\src\Kernels\CoherentStokesKernel.h">
      <Filter>Kernels</Filter>
    </ClInclude>
    <ClInclude Include="..\..\GPUProc\src\Kernels\CorrelatorKernel.h">
      <Filter>Kernels</Filter>
    </ClInclude>
    <ClInclude Include="..\..\GPUProc\src\Kernels\DedispersionBackwardFFTkernel.h">
      <Filter>Kernels</Filter>
    </ClInclude>
    <ClInclude Include="..\..\GPUProc\src\Kernels\DedispersionChirpKernel.h">
      <Filter>Kernels</Filter>
    </ClInclude>
    <ClInclude Include="..\..\GPUProc\src\Kernels\DedispersionForwardFFTkernel.h">
      <Filter>Kernels</Filter>
    </ClInclude>
    <ClInclude Include="..\..\GPUProc\src\Kernels\DelayAndBandPassKernel.h">
      <Filter>Kernels</Filter>
    </ClInclude>
    <ClInclude Include="..\..\GPUProc\src\Kernels\FFT_Kernel.h">
      <Filter>Kernels</Filter>
    </ClInclude>
    <ClInclude Include="..\..\GPUProc\src\Kernels\FFT_Plan.h">
      <Filter>Kernels</Filter>
    </ClInclude>
    <ClInclude Include="..\..\GPUProc\src\Kernels\Filter_FFT_Kernel.h">
      <Filter>Kernels</Filter>
    </ClInclude>
    <ClInclude Include="..\..\GPUProc\src\Kernels\FIR_FilterKernel.h">
      <Filter>Kernels</Filter>
    </ClInclude>
    <ClInclude Include="..\..\GPUProc\src\Kernels\IncoherentStokesKernel.h">
      <Filter>Kernels</Filter>
    </ClInclude>
    <ClInclude Include="..\..\GPUProc\src\Kernels\IntToFloatKernel.h">
      <Filter>Kernels</Filter>
    </ClInclude>
    <ClInclude Include="..\..\GPUProc\src\Kernels\UHEP_BeamFormerKernel.h">
      <Filter>Kernels</Filter>
    </ClInclude>
    <ClInclude Include="..\..\GPUProc\src\Kernels\UHEP_InvFFT_Kernel.h">
      <Filter>Kernels</Filter>
    </ClInclude>
    <ClInclude Include="..\..\GPUProc\src\Kernels\UHEP_InvFIR_Kernel.h">
      <Filter>Kernels</Filter>
    </ClInclude>
    <ClInclude Include="..\..\GPUProc\src\Kernels\UHEP_TransposeKernel.h">
      <Filter>Kernels</Filter>
    </ClInclude>
    <ClInclude Include="..\..\GPUProc\src\Kernels\UHEP_TriggerKernel.h">
      <Filter>Kernels</Filter>
    </ClInclude>
    <ClInclude Include="..\..\GPUProc\src\Pipelines\BeamFormerPipeline.h">
      <Filter>Pipelines</Filter>
    </ClInclude>
    <ClInclude Include="..\..\GPUProc\src\Pipelines\CorrelatorPipeline.h">
      <Filter>Pipelines</Filter>
    </ClInclude>
    <ClInclude Include="..\..\GPUProc\src\Pipelines\CorrelatorPipelinePrograms.h">
      <Filter>Pipelines</Filter>
    </ClInclude>
    <ClInclude Include="..\..\GPUProc\src\Pipelines\UHEP_Pipeline.h">
      <Filter>Pipelines</Filter>
    </ClInclude>
    <ClInclude Include="..\..\GPUProc\src\Storage\SSH.h">
      <Filter>Storage</Filter>
    </ClInclude>
    <ClInclude Include="..\..\GPUProc\src\Storage\StorageProcess.h">
      <Filter>Storage</Filter>
    </ClInclude>
    <ClInclude Include="..\..\GPUProc\src\Storage\StorageProcesses.h">
      <Filter>Storage</Filter>
    </ClInclude>
    <ClInclude Include="..\..\GPUProc\src\UHEP\InvertedStationPPFWeights.h">
      <Filter>UHEP</Filter>
    </ClInclude>
    <ClInclude Include="..\..\GPUProc\src\UnitTests\BeamFormerTest.h">
      <Filter>UnitTests</Filter>
    </ClInclude>
    <ClInclude Include="..\..\GPUProc\src\UnitTests\BeamFormerTransposeTest.h">
      <Filter>UnitTests</Filter>
    </ClInclude>
    <ClInclude Include="..\..\GPUProc\src\UnitTests\CoherentStokesTest.h">
      <Filter>UnitTests</Filter>
    </ClInclude>
    <ClInclude Include="..\..\GPUProc\src\UnitTests\CorrelateRectangleTest.h">
      <Filter>UnitTests</Filter>
    </ClInclude>
    <ClInclude Include="..\..\GPUProc\src\UnitTests\CorrelateTriangleTest.h">
      <Filter>UnitTests</Filter>
    </ClInclude>
    <ClInclude Include="..\..\GPUProc\src\UnitTests\CorrelatorTest.h">
      <Filter>UnitTests</Filter>
    </ClInclude>
    <ClInclude Include="..\..\GPUProc\src\UnitTests\DedispersionChirpTest.h">
      <Filter>UnitTests</Filter>
    </ClInclude>
    <ClInclude Include="..\..\GPUProc\src\UnitTests\FFT_Test.h">
      <Filter>UnitTests</Filter>
    </ClInclude>
    <ClInclude Include="..\..\GPUProc\src\UnitTests\FIR_FilterTest.h">
      <Filter>UnitTests</Filter>
    </ClInclude>
    <ClInclude Include="..\..\GPUProc\src\UnitTests\IncoherentStokesTest.h">
      <Filter>UnitTests</Filter>
    </ClInclude>
    <ClInclude Include="..\..\GPUProc\src\UnitTests\IntToFloatTest.h">
      <Filter>UnitTests</Filter>
    </ClInclude>
    <ClInclude Include="..\..\GPUProc\src\UnitTests\UHEP_BeamFormerTest.h">
      <Filter>UnitTests</Filter>
    </ClInclude>
    <ClInclude Include="..\..\GPUProc\src\UnitTests\UHEP_TransposeTest.h">
      <Filter>UnitTests</Filter>
    </ClInclude>
    <ClInclude Include="..\..\GPUProc\src\UnitTests\UHEP_TriggerTest.h">
      <Filter>UnitTests</Filter>
    </ClInclude>
    <ClInclude Include="..\..\GPUProc\src\UnitTests\AMD_FFT_Test.h">
      <Filter>UnitTests</Filter>
    </ClInclude>
    <ClInclude Include="..\..\GPUProc\src\WorkQueues\BeamFormerWorkQueue.h">
      <Filter>WorkQueues</Filter>
    </ClInclude>
    <ClInclude Include="..\..\GPUProc\src\WorkQueues\CorrelatorWorkQueue.h">
      <Filter>WorkQueues</Filter>
    </ClInclude>
    <ClInclude Include="..\..\GPUProc\src\WorkQueues\UHEP_WorkQueue.h">
      <Filter>WorkQueues</Filter>
    </ClInclude>
    <ClInclude Include="..\..\GPUProc\src\WorkQueues\WorkQueue.h">
      <Filter>WorkQueues</Filter>
    </ClInclude>
    <ClInclude Include="..\..\GPUProc\src\Scheduling.h">
      <Filter>Header Files</Filter>
    </ClInclude>
    <ClInclude Include="..\..\GPUProc\src\SlidingPointer.h">
      <Filter>Header Files</Filter>
    </ClInclude>
    <ClInclude Include="..\..\GPUProc\src\SubbandMetaData.h">
      <Filter>Header Files</Filter>
    </ClInclude>
    <ClInclude Include="..\..\GPUProc\src\UnitTest.h">
      <Filter>Header Files</Filter>
    </ClInclude>
    <ClInclude Include="..\..\GPUProc\src\Align.h">
      <Filter>Header Files</Filter>
    </ClInclude>
    <ClInclude Include="..\..\GPUProc\src\BandPass.h">
      <Filter>Header Files</Filter>
    </ClInclude>
    <ClInclude Include="..\..\GPUProc\src\BestEffortQueue.h">
      <Filter>Header Files</Filter>
    </ClInclude>
    <ClInclude Include="..\..\GPUProc\src\createProgram.h">
      <Filter>Header Files</Filter>
    </ClInclude>
    <ClInclude Include="..\..\GPUProc\src\FilterBank.h">
      <Filter>Header Files</Filter>
    </ClInclude>
    <ClInclude Include="..\..\GPUProc\src\global_defines.h">
      <Filter>Header Files</Filter>
    </ClInclude>
    <ClInclude Include="..\..\GPUProc\src\Kernel.h">
      <Filter>Header Files</Filter>
    </ClInclude>
    <ClInclude Include="..\..\GPUProc\src\OpenCL_Support.h">
      <Filter>Header Files</Filter>
    </ClInclude>
    <ClInclude Include="..\..\GPUProc\src\OpenMP_Support.h">
      <Filter>Header Files</Filter>
    </ClInclude>
    <ClInclude Include="..\..\GPUProc\src\PerformanceCounter.h">
      <Filter>Header Files</Filter>
    </ClInclude>
    <ClInclude Include="..\..\GPUProc\src\Pipeline.h">
      <Filter>Header Files</Filter>
    </ClInclude>
  </ItemGroup>
  <ItemGroup>
    <ClCompile Include="..\..\GPUProc\src\Input\BeamletBuffer.cc">
      <Filter>Input</Filter>
    </ClCompile>
    <ClCompile Include="..\..\GPUProc\src\Input\BeamletBufferToComputeNode.cc">
      <Filter>Input</Filter>
    </ClCompile>
    <ClCompile Include="..\..\GPUProc\src\Input\Delays.cc">
      <Filter>Input</Filter>
    </ClCompile>
    <ClCompile Include="..\..\GPUProc\src\Input\InputSection.cc">
      <Filter>Input</Filter>
    </ClCompile>
    <ClCompile Include="..\..\GPUProc\src\Input\InputThread.cc">
      <Filter>Input</Filter>
    </ClCompile>
    <ClCompile Include="..\..\GPUProc\src\Input\LogThread.cc">
      <Filter>Input</Filter>
    </ClCompile>
    <ClCompile Include="..\..\GPUProc\src\Input\ReaderWriterSynchronization.cc">
      <Filter>Input</Filter>
    </ClCompile>
    <ClCompile Include="..\..\GPUProc\src\Kernels\DedispersionChirpKernel.cc">
      <Filter>Kernels</Filter>
    </ClCompile>
    <ClCompile Include="..\..\GPUProc\src\Kernels\DedispersionForwardFFTkernel.cc">
      <Filter>Kernels</Filter>
    </ClCompile>
    <ClCompile Include="..\..\GPUProc\src\Kernels\DelayAndBandPassKernel.cc">
      <Filter>Kernels</Filter>
    </ClCompile>
    <ClCompile Include="..\..\GPUProc\src\Kernels\FFT_Kernel.cc">
      <Filter>Kernels</Filter>
    </ClCompile>
    <ClCompile Include="..\..\GPUProc\src\Kernels\FFT_Plan.cc">
      <Filter>Kernels</Filter>
    </ClCompile>
    <ClCompile Include="..\..\GPUProc\src\Kernels\Filter_FFT_Kernel.cc">
      <Filter>Kernels</Filter>
    </ClCompile>
    <ClCompile Include="..\..\GPUProc\src\Kernels\FIR_FilterKernel.cc">
      <Filter>Kernels</Filter>
    </ClCompile>
    <ClCompile Include="..\..\GPUProc\src\Kernels\IncoherentStokesKernel.cc">
      <Filter>Kernels</Filter>
    </ClCompile>
    <ClCompile Include="..\..\GPUProc\src\Kernels\IntToFloatKernel.cc">
      <Filter>Kernels</Filter>
    </ClCompile>
    <ClCompile Include="..\..\GPUProc\src\Kernels\UHEP_BeamFormerKernel.cc">
      <Filter>Kernels</Filter>
    </ClCompile>
    <ClCompile Include="..\..\GPUProc\src\Kernels\UHEP_InvFFT_Kernel.cc">
      <Filter>Kernels</Filter>
    </ClCompile>
    <ClCompile Include="..\..\GPUProc\src\Kernels\UHEP_InvFIR_Kernel.cc">
      <Filter>Kernels</Filter>
    </ClCompile>
    <ClCompile Include="..\..\GPUProc\src\Kernels\UHEP_TransposeKernel.cc">
      <Filter>Kernels</Filter>
    </ClCompile>
    <ClCompile Include="..\..\GPUProc\src\Kernels\UHEP_TriggerKernel.cc">
      <Filter>Kernels</Filter>
    </ClCompile>
    <ClCompile Include="..\..\GPUProc\src\Kernels\BeamFormerKernel.cc">
      <Filter>Kernels</Filter>
    </ClCompile>
    <ClCompile Include="..\..\GPUProc\src\Kernels\BeamFormerTransposeKernel.cc">
      <Filter>Kernels</Filter>
    </ClCompile>
    <ClCompile Include="..\..\GPUProc\src\Kernels\CoherentStokesKernel.cc">
      <Filter>Kernels</Filter>
    </ClCompile>
    <ClCompile Include="..\..\GPUProc\src\Kernels\CorrelatorKernel.cc">
      <Filter>Kernels</Filter>
    </ClCompile>
    <ClCompile Include="..\..\GPUProc\src\Kernels\DedispersionBackwardFFTkernel.cc">
      <Filter>Kernels</Filter>
    </ClCompile>
    <ClCompile Include="..\..\GPUProc\src\Pipelines\BeamFormerPipeline.cc">
      <Filter>Pipelines</Filter>
    </ClCompile>
    <ClCompile Include="..\..\GPUProc\src\Pipelines\CorrelatorPipeline.cc">
      <Filter>Pipelines</Filter>
    </ClCompile>
    <ClCompile Include="..\..\GPUProc\src\Pipelines\UHEP_Pipeline.cc">
      <Filter>Pipelines</Filter>
    </ClCompile>
    <ClCompile Include="..\..\GPUProc\src\Storage\StorageProcess.cc">
      <Filter>Storage</Filter>
    </ClCompile>
    <ClCompile Include="..\..\GPUProc\src\Storage\StorageProcesses.cc">
      <Filter>Storage</Filter>
    </ClCompile>
    <ClCompile Include="..\..\GPUProc\src\Storage\SSH.cc">
      <Filter>Storage</Filter>
    </ClCompile>
    <ClCompile Include="..\..\GPUProc\src\UHEP\InvertedStationPPFWeights.cc">
      <Filter>UHEP</Filter>
    </ClCompile>
    <ClCompile Include="..\..\GPUProc\src\WorkQueues\CorrelatorWorkQueue.cc">
      <Filter>WorkQueues</Filter>
    </ClCompile>
    <ClCompile Include="..\..\GPUProc\src\WorkQueues\UHEP_WorkQueue.cc">
      <Filter>WorkQueues</Filter>
    </ClCompile>
    <ClCompile Include="..\..\GPUProc\src\WorkQueues\WorkQueue.cc">
      <Filter>WorkQueues</Filter>
    </ClCompile>
    <ClCompile Include="..\..\GPUProc\src\WorkQueues\BeamFormerWorkQueue.cc">
      <Filter>WorkQueues</Filter>
    </ClCompile>
    <ClCompile Include="..\..\GPUProc\src\FilterBank.cc">
      <Filter>Source Files</Filter>
    </ClCompile>
    <ClCompile Include="..\..\GPUProc\src\createProgram.cc">
      <Filter>Source Files</Filter>
    </ClCompile>
    <ClCompile Include="..\..\GPUProc\src\global_defines.cc">
      <Filter>Source Files</Filter>
    </ClCompile>
    <ClCompile Include="..\..\GPUProc\src\Kernel.cc">
      <Filter>Source Files</Filter>
    </ClCompile>
    <ClCompile Include="..\..\GPUProc\src\OpenCL_Support.cc">
      <Filter>Source Files</Filter>
    </ClCompile>
    <ClCompile Include="..\..\GPUProc\src\PerformanceCounter.cc">
      <Filter>Source Files</Filter>
    </ClCompile>
    <ClCompile Include="..\..\GPUProc\src\Pipeline.cc">
      <Filter>Source Files</Filter>
    </ClCompile>
    <ClCompile Include="..\..\GPUProc\src\RTCP.cc">
      <Filter>Source Files</Filter>
    </ClCompile>
    <ClCompile Include="..\..\GPUProc\src\RTCP_new.cc">
      <Filter>Source Files</Filter>
    </ClCompile>
    <ClCompile Include="..\..\GPUProc\src\Scheduling.cc">
      <Filter>Source Files</Filter>
    </ClCompile>
    <ClCompile Include="..\..\GPUProc\src\UnitTest.cc">
      <Filter>Source Files</Filter>
    </ClCompile>
    <ClCompile Include="..\..\GPUProc\src\BandPass.cc">
      <Filter>Source Files</Filter>
    </ClCompile>
    <ClCompile Include="..\..\GPUProc\test\UnitTests\WorkQueues\CorrelatorWorkQueue.cc">
      <Filter>UnitTests\WorkQueues</Filter>
    </ClCompile>
  </ItemGroup>
</Project>